// !$*UTF8*$!
{
	archiveVersion = 1;
	classes = {
	};
	objectVersion = 50;
	objects = {

/* Begin PBXBuildFile section */
		690201132424AAAE00CFC704 /* fragment.glsl in Resources */ = {isa = PBXBuildFile; fileRef = 6902010F2424AAAE00CFC704 /* fragment.glsl */; };
		690201142424AAAE00CFC704 /* vertex.glsl in Resources */ = {isa = PBXBuildFile; fileRef = 690201112424AAAE00CFC704 /* vertex.glsl */; };
		690201152424AAAE00CFC704 /* GLRenderView.m in Sources */ = {isa = PBXBuildFile; fileRef = 690201122424AAAE00CFC704 /* GLRenderView.m */; };
		6902016C2424D72D00CFC704 /* test4.jpg in Resources */ = {isa = PBXBuildFile; fileRef = 690201672424D72D00CFC704 /* test4.jpg */; };
		6902016D2424D72D00CFC704 /* test5.jpg in Resources */ = {isa = PBXBuildFile; fileRef = 690201682424D72D00CFC704 /* test5.jpg */; };
		690201712424D77400CFC704 /* test1.jpg in Resources */ = {isa = PBXBuildFile; fileRef = 6902016E2424D77400CFC704 /* test1.jpg */; };
		690201722424D77400CFC704 /* test2.jpg in Resources */ = {isa = PBXBuildFile; fileRef = 6902016F2424D77400CFC704 /* test2.jpg */; };
		690201732424D77400CFC704 /* test3.jpg in Resources */ = {isa = PBXBuildFile; fileRef = 690201702424D77400CFC704 /* test3.jpg */; };
		690AE3FA2492162100B1D41E /* MTVideoShader.m in Sources */ = {isa = PBXBuildFile; fileRef = 690AE3F92492162100B1D41E /* MTVideoShader.m */; };
		690AE3FD2492166400B1D41E /* VideoVertex.glsl in Resources */ = {isa = PBXBuildFile; fileRef = 690AE3FB2492166400B1D41E /* VideoVertex.glsl */; };
		690AE3FE2492166400B1D41E /* VideoFragment.glsl in Resources */ = {isa = PBXBuildFile; fileRef = 690AE3FC2492166400B1D41E /* VideoFragment.glsl */; };
		69204B4A2312815F00EFC794 /* AppDelegate.m in Sources */ = {isa = PBXBuildFile; fileRef = 69204B492312815F00EFC794 /* AppDelegate.m */; };
		69204B4D2312815F00EFC794 /* ViewController.m in Sources */ = {isa = PBXBuildFile; fileRef = 69204B4C2312815F00EFC794 /* ViewController.m */; };
		69204B502312815F00EFC794 /* Main.storyboard in Resources */ = {isa = PBXBuildFile; fileRef = 69204B4E2312815F00EFC794 /* Main.storyboard */; };
		69204B522312816000EFC794 /* Assets.xcassets in Resources */ = {isa = PBXBuildFile; fileRef = 69204B512312816000EFC794 /* Assets.xcassets */; };
		69204B552312816000EFC794 /* LaunchScreen.storyboard in Resources */ = {isa = PBXBuildFile; fileRef = 69204B532312816000EFC794 /* LaunchScreen.storyboard */; };
		69204B582312816000EFC794 /* main.m in Sources */ = {isa = PBXBuildFile; fileRef = 69204B572312816000EFC794 /* main.m */; };
		69B9415D24908F2C00F97C8A /* YUVManager.mm in Sources */ = {isa = PBXBuildFile; fileRef = 69B9415C24908F2C00F97C8A /* YUVManager.mm */; };
		69B942192490912700F97C8A /* rotate_common.cc in Sources */ = {isa = PBXBuildFile; fileRef = 69B941D42490912600F97C8A /* rotate_common.cc */; };
		69B9421A2490912700F97C8A /* rotate_any.cc in Sources */ = {isa = PBXBuildFile; fileRef = 69B941D52490912600F97C8A /* rotate_any.cc */; };
		69B9421B2490912700F97C8A /* rotate.cc in Sources */ = {isa = PBXBuildFile; fileRef = 69B941D62490912600F97C8A /* rotate.cc */; };
		69B9421C2490912700F97C8A /* scale_gcc.cc in Sources */ = {isa = PBXBuildFile; fileRef = 69B941D72490912600F97C8A /* scale_gcc.cc */; };
		69B9421D2490912700F97C8A /* convert_jpeg.cc in Sources */ = {isa = PBXBuildFile; fileRef = 69B941D82490912600F97C8A /* convert_jpeg.cc */; };
		69B9421E2490912700F97C8A /* compare_win.cc in Sources */ = {isa = PBXBuildFile; fileRef = 69B941D92490912600F97C8A /* compare_win.cc */; };
		69B9421F2490912700F97C8A /* cpu_id.cc in Sources */ = {isa = PBXBuildFile; fileRef = 69B941DA2490912600F97C8A /* cpu_id.cc */; };
		69B942202490912700F97C8A /* row_win.cc in Sources */ = {isa = PBXBuildFile; fileRef = 69B941DB2490912600F97C8A /* row_win.cc */; };
		69B942212490912700F97C8A /* mjpeg_decoder.cc in Sources */ = {isa = PBXBuildFile; fileRef = 69B941DC2490912600F97C8A /* mjpeg_decoder.cc */; };
		69B942222490912700F97C8A /* row_neon.cc in Sources */ = {isa = PBXBuildFile; fileRef = 69B941DD2490912600F97C8A /* row_neon.cc */; };
		69B942232490912700F97C8A /* rotate_neon64.cc in Sources */ = {isa = PBXBuildFile; fileRef = 69B941DE2490912600F97C8A /* rotate_neon64.cc */; };
		69B942242490912700F97C8A /* scale.cc in Sources */ = {isa = PBXBuildFile; fileRef = 69B941DF2490912600F97C8A /* scale.cc */; };
		69B942252490912700F97C8A /* compare.cc in Sources */ = {isa = PBXBuildFile; fileRef = 69B941E02490912600F97C8A /* compare.cc */; };
		69B942262490912700F97C8A /* row_neon64.cc in Sources */ = {isa = PBXBuildFile; fileRef = 69B941E12490912600F97C8A /* row_neon64.cc */; };
		69B942272490912700F97C8A /* convert_from_argb.cc in Sources */ = {isa = PBXBuildFile; fileRef = 69B941E22490912600F97C8A /* convert_from_argb.cc */; };
		69B942282490912700F97C8A /* planar_functions.cc in Sources */ = {isa = PBXBuildFile; fileRef = 69B941FA2490912700F97C8A /* planar_functions.cc */; };
		69B942292490912700F97C8A /* row_msa.cc in Sources */ = {isa = PBXBuildFile; fileRef = 69B941FB2490912700F97C8A /* row_msa.cc */; };
		69B9422A2490912700F97C8A /* convert_argb.cc in Sources */ = {isa = PBXBuildFile; fileRef = 69B941FC2490912700F97C8A /* convert_argb.cc */; };
		69B9422B2490912700F97C8A /* rotate_mips.cc in Sources */ = {isa = PBXBuildFile; fileRef = 69B941FD2490912700F97C8A /* rotate_mips.cc */; };
		69B9422C2490912700F97C8A /* scale_mips.cc in Sources */ = {isa = PBXBuildFile; fileRef = 69B941FE2490912700F97C8A /* scale_mips.cc */; };
		69B9422D2490912700F97C8A /* row_common.cc in Sources */ = {isa = PBXBuildFile; fileRef = 69B941FF2490912700F97C8A /* row_common.cc */; };
		69B9422E2490912700F97C8A /* scale_any.cc in Sources */ = {isa = PBXBuildFile; fileRef = 69B942002490912700F97C8A /* scale_any.cc */; };
		69B9422F2490912700F97C8A /* rotate_gcc.cc in Sources */ = {isa = PBXBuildFile; fileRef = 69B942012490912700F97C8A /* rotate_gcc.cc */; };
		69B942302490912700F97C8A /* convert.cc in Sources */ = {isa = PBXBuildFile; fileRef = 69B942022490912700F97C8A /* convert.cc */; };
		69B942312490912700F97C8A /* convert_from.cc in Sources */ = {isa = PBXBuildFile; fileRef = 69B942032490912700F97C8A /* convert_from.cc */; };
		69B942322490912700F97C8A /* scale_common.cc in Sources */ = {isa = PBXBuildFile; fileRef = 69B942042490912700F97C8A /* scale_common.cc */; };
		69B942332490912700F97C8A /* row_mips.cc in Sources */ = {isa = PBXBuildFile; fileRef = 69B942052490912700F97C8A /* row_mips.cc */; };
		69B942342490912700F97C8A /* row_any.cc in Sources */ = {isa = PBXBuildFile; fileRef = 69B942062490912700F97C8A /* row_any.cc */; };
		69B942352490912700F97C8A /* convert_to_argb.cc in Sources */ = {isa = PBXBuildFile; fileRef = 69B942072490912700F97C8A /* convert_to_argb.cc */; };
		69B942362490912700F97C8A /* compare_neon.cc in Sources */ = {isa = PBXBuildFile; fileRef = 69B942082490912700F97C8A /* compare_neon.cc */; };
		69B942372490912700F97C8A /* rotate_win.cc in Sources */ = {isa = PBXBuildFile; fileRef = 69B942092490912700F97C8A /* rotate_win.cc */; };
		69B942382490912700F97C8A /* scale_msa.cc in Sources */ = {isa = PBXBuildFile; fileRef = 69B9420A2490912700F97C8A /* scale_msa.cc */; };
		69B942392490912700F97C8A /* scale_neon64.cc in Sources */ = {isa = PBXBuildFile; fileRef = 69B9420B2490912700F97C8A /* scale_neon64.cc */; };
		69B9423A2490912700F97C8A /* mjpeg_validate.cc in Sources */ = {isa = PBXBuildFile; fileRef = 69B9420C2490912700F97C8A /* mjpeg_validate.cc */; };
		69B9423B2490912700F97C8A /* scale_win.cc in Sources */ = {isa = PBXBuildFile; fileRef = 69B9420D2490912700F97C8A /* scale_win.cc */; };
		69B9423C2490912700F97C8A /* compare_common.cc in Sources */ = {isa = PBXBuildFile; fileRef = 69B9420E2490912700F97C8A /* compare_common.cc */; };
		69B9423D2490912700F97C8A /* rotate_msa.cc in Sources */ = {isa = PBXBuildFile; fileRef = 69B9420F2490912700F97C8A /* rotate_msa.cc */; };
		69B9423E2490912700F97C8A /* scale_neon.cc in Sources */ = {isa = PBXBuildFile; fileRef = 69B942102490912700F97C8A /* scale_neon.cc */; };
		69B9423F2490912700F97C8A /* rotate_neon.cc in Sources */ = {isa = PBXBuildFile; fileRef = 69B942112490912700F97C8A /* rotate_neon.cc */; };
		69B942402490912700F97C8A /* video_common.cc in Sources */ = {isa = PBXBuildFile; fileRef = 69B942122490912700F97C8A /* video_common.cc */; };
		69B942412490912700F97C8A /* convert_to_i420.cc in Sources */ = {isa = PBXBuildFile; fileRef = 69B942132490912700F97C8A /* convert_to_i420.cc */; };
		69B942422490912700F97C8A /* row_gcc.cc in Sources */ = {isa = PBXBuildFile; fileRef = 69B942142490912700F97C8A /* row_gcc.cc */; };
		69B942432490912700F97C8A /* rotate_argb.cc in Sources */ = {isa = PBXBuildFile; fileRef = 69B942152490912700F97C8A /* rotate_argb.cc */; };
		69B942442490912700F97C8A /* compare_gcc.cc in Sources */ = {isa = PBXBuildFile; fileRef = 69B942162490912700F97C8A /* compare_gcc.cc */; };
		69B942452490912700F97C8A /* compare_neon64.cc in Sources */ = {isa = PBXBuildFile; fileRef = 69B942172490912700F97C8A /* compare_neon64.cc */; };
		69B942462490912700F97C8A /* scale_argb.cc in Sources */ = {isa = PBXBuildFile; fileRef = 69B942182490912700F97C8A /* scale_argb.cc */; };
		69C864292465918500BF21FA /* MTGLContext.m in Sources */ = {isa = PBXBuildFile; fileRef = 69C864262465918500BF21FA /* MTGLContext.m */; };
		69C8642C2465923D00BF21FA /* MTGLShader.m in Sources */ = {isa = PBXBuildFile; fileRef = 69C8642B2465923D00BF21FA /* MTGLShader.m */; };
		69C8642F246594B700BF21FA /* MTGLCanvasView.m in Sources */ = {isa = PBXBuildFile; fileRef = 69C8642E246594B700BF21FA /* MTGLCanvasView.m */; };
		69C8643524659E8300BF21FA /* MTGLRenderTask.m in Sources */ = {isa = PBXBuildFile; fileRef = 69C8643424659E8300BF21FA /* MTGLRenderTask.m */; };
		69E57E9C242B334400ED9174 /* ScreenShot.png in Resources */ = {isa = PBXBuildFile; fileRef = 69E57E9B242B334400ED9174 /* ScreenShot.png */; };
		69E57E9E242B395600ED9174 /* snapshot.png in Resources */ = {isa = PBXBuildFile; fileRef = 69E57E9D242B395600ED9174 /* snapshot.png */; };
		69E684F12695DC2C00FB499F /* DYVtuberTexturePixelMapper.m in Sources */ = {isa = PBXBuildFile; fileRef = 69E684F02695DC2B00FB499F /* DYVtuberTexturePixelMapper.m */; };
		69FC0CBE248FB9F4005B1D32 /* CameraManager.m in Sources */ = {isa = PBXBuildFile; fileRef = 69FC0CBD248FB9F4005B1D32 /* CameraManager.m */; };
		69FC0CC1248FBA4D005B1D32 /* VideoFrame.m in Sources */ = {isa = PBXBuildFile; fileRef = 69FC0CC0248FBA4D005B1D32 /* VideoFrame.m */; };
		69FF159F248626920082DC74 /* MTGLTool.m in Sources */ = {isa = PBXBuildFile; fileRef = 69FF159E248626920082DC74 /* MTGLTool.m */; };
/* End PBXBuildFile section */

/* Begin PBXFileReference section */
		6902010F2424AAAE00CFC704 /* fragment.glsl */ = {isa = PBXFileReference; fileEncoding = 4; lastKnownFileType = text; path = fragment.glsl; sourceTree = "<group>"; };
		690201102424AAAE00CFC704 /* GLRenderView.h */ = {isa = PBXFileReference; fileEncoding = 4; lastKnownFileType = sourcecode.c.h; path = GLRenderView.h; sourceTree = "<group>"; };
		690201112424AAAE00CFC704 /* vertex.glsl */ = {isa = PBXFileReference; fileEncoding = 4; lastKnownFileType = text; path = vertex.glsl; sourceTree = "<group>"; };
		690201122424AAAE00CFC704 /* GLRenderView.m */ = {isa = PBXFileReference; fileEncoding = 4; lastKnownFileType = sourcecode.c.objc; path = GLRenderView.m; sourceTree = "<group>"; };
		690201672424D72D00CFC704 /* test4.jpg */ = {isa = PBXFileReference; lastKnownFileType = image.jpeg; path = test4.jpg; sourceTree = "<group>"; };
		690201682424D72D00CFC704 /* test5.jpg */ = {isa = PBXFileReference; lastKnownFileType = image.jpeg; path = test5.jpg; sourceTree = "<group>"; };
		6902016E2424D77400CFC704 /* test1.jpg */ = {isa = PBXFileReference; lastKnownFileType = image.jpeg; path = test1.jpg; sourceTree = "<group>"; };
		6902016F2424D77400CFC704 /* test2.jpg */ = {isa = PBXFileReference; lastKnownFileType = image.jpeg; path = test2.jpg; sourceTree = "<group>"; };
		690201702424D77400CFC704 /* test3.jpg */ = {isa = PBXFileReference; lastKnownFileType = image.jpeg; path = test3.jpg; sourceTree = "<group>"; };
		690AE3F82492162100B1D41E /* MTVideoShader.h */ = {isa = PBXFileReference; lastKnownFileType = sourcecode.c.h; path = MTVideoShader.h; sourceTree = "<group>"; };
		690AE3F92492162100B1D41E /* MTVideoShader.m */ = {isa = PBXFileReference; lastKnownFileType = sourcecode.c.objc; path = MTVideoShader.m; sourceTree = "<group>"; };
		690AE3FB2492166400B1D41E /* VideoVertex.glsl */ = {isa = PBXFileReference; fileEncoding = 4; lastKnownFileType = text; path = VideoVertex.glsl; sourceTree = "<group>"; };
		690AE3FC2492166400B1D41E /* VideoFragment.glsl */ = {isa = PBXFileReference; fileEncoding = 4; lastKnownFileType = text; path = VideoFragment.glsl; sourceTree = "<group>"; };
		69204B452312815F00EFC794 /* VideoChatDemo.app */ = {isa = PBXFileReference; explicitFileType = wrapper.application; includeInIndex = 0; path = VideoChatDemo.app; sourceTree = BUILT_PRODUCTS_DIR; };
		69204B482312815F00EFC794 /* AppDelegate.h */ = {isa = PBXFileReference; lastKnownFileType = sourcecode.c.h; path = AppDelegate.h; sourceTree = "<group>"; };
		69204B492312815F00EFC794 /* AppDelegate.m */ = {isa = PBXFileReference; lastKnownFileType = sourcecode.c.objc; path = AppDelegate.m; sourceTree = "<group>"; };
		69204B4B2312815F00EFC794 /* ViewController.h */ = {isa = PBXFileReference; lastKnownFileType = sourcecode.c.h; path = ViewController.h; sourceTree = "<group>"; };
		69204B4C2312815F00EFC794 /* ViewController.m */ = {isa = PBXFileReference; lastKnownFileType = sourcecode.c.objc; path = ViewController.m; sourceTree = "<group>"; };
		69204B4F2312815F00EFC794 /* Base */ = {isa = PBXFileReference; lastKnownFileType = file.storyboard; name = Base; path = Base.lproj/Main.storyboard; sourceTree = "<group>"; };
		69204B512312816000EFC794 /* Assets.xcassets */ = {isa = PBXFileReference; lastKnownFileType = folder.assetcatalog; path = Assets.xcassets; sourceTree = "<group>"; };
		69204B542312816000EFC794 /* Base */ = {isa = PBXFileReference; lastKnownFileType = file.storyboard; name = Base; path = Base.lproj/LaunchScreen.storyboard; sourceTree = "<group>"; };
		69204B562312816000EFC794 /* Info.plist */ = {isa = PBXFileReference; lastKnownFileType = text.plist.xml; path = Info.plist; sourceTree = "<group>"; };
		69204B572312816000EFC794 /* main.m */ = {isa = PBXFileReference; lastKnownFileType = sourcecode.c.objc; path = main.m; sourceTree = "<group>"; };
		69B9415B24908F2C00F97C8A /* YUVManager.h */ = {isa = PBXFileReference; lastKnownFileType = sourcecode.c.h; path = YUVManager.h; sourceTree = "<group>"; };
		69B9415C24908F2C00F97C8A /* YUVManager.mm */ = {isa = PBXFileReference; lastKnownFileType = sourcecode.cpp.objcpp; path = YUVManager.mm; sourceTree = "<group>"; };
		69B941D42490912600F97C8A /* rotate_common.cc */ = {isa = PBXFileReference; fileEncoding = 4; lastKnownFileType = sourcecode.cpp.cpp; path = rotate_common.cc; sourceTree = "<group>"; };
		69B941D52490912600F97C8A /* rotate_any.cc */ = {isa = PBXFileReference; fileEncoding = 4; lastKnownFileType = sourcecode.cpp.cpp; path = rotate_any.cc; sourceTree = "<group>"; };
		69B941D62490912600F97C8A /* rotate.cc */ = {isa = PBXFileReference; fileEncoding = 4; lastKnownFileType = sourcecode.cpp.cpp; path = rotate.cc; sourceTree = "<group>"; };
		69B941D72490912600F97C8A /* scale_gcc.cc */ = {isa = PBXFileReference; fileEncoding = 4; lastKnownFileType = sourcecode.cpp.cpp; path = scale_gcc.cc; sourceTree = "<group>"; };
		69B941D82490912600F97C8A /* convert_jpeg.cc */ = {isa = PBXFileReference; fileEncoding = 4; lastKnownFileType = sourcecode.cpp.cpp; path = convert_jpeg.cc; sourceTree = "<group>"; };
		69B941D92490912600F97C8A /* compare_win.cc */ = {isa = PBXFileReference; fileEncoding = 4; lastKnownFileType = sourcecode.cpp.cpp; path = compare_win.cc; sourceTree = "<group>"; };
		69B941DA2490912600F97C8A /* cpu_id.cc */ = {isa = PBXFileReference; fileEncoding = 4; lastKnownFileType = sourcecode.cpp.cpp; path = cpu_id.cc; sourceTree = "<group>"; };
		69B941DB2490912600F97C8A /* row_win.cc */ = {isa = PBXFileReference; fileEncoding = 4; lastKnownFileType = sourcecode.cpp.cpp; path = row_win.cc; sourceTree = "<group>"; };
		69B941DC2490912600F97C8A /* mjpeg_decoder.cc */ = {isa = PBXFileReference; fileEncoding = 4; lastKnownFileType = sourcecode.cpp.cpp; path = mjpeg_decoder.cc; sourceTree = "<group>"; };
		69B941DD2490912600F97C8A /* row_neon.cc */ = {isa = PBXFileReference; fileEncoding = 4; lastKnownFileType = sourcecode.cpp.cpp; path = row_neon.cc; sourceTree = "<group>"; };
		69B941DE2490912600F97C8A /* rotate_neon64.cc */ = {isa = PBXFileReference; fileEncoding = 4; lastKnownFileType = sourcecode.cpp.cpp; path = rotate_neon64.cc; sourceTree = "<group>"; };
		69B941DF2490912600F97C8A /* scale.cc */ = {isa = PBXFileReference; fileEncoding = 4; lastKnownFileType = sourcecode.cpp.cpp; path = scale.cc; sourceTree = "<group>"; };
		69B941E02490912600F97C8A /* compare.cc */ = {isa = PBXFileReference; fileEncoding = 4; lastKnownFileType = sourcecode.cpp.cpp; path = compare.cc; sourceTree = "<group>"; };
		69B941E12490912600F97C8A /* row_neon64.cc */ = {isa = PBXFileReference; fileEncoding = 4; lastKnownFileType = sourcecode.cpp.cpp; path = row_neon64.cc; sourceTree = "<group>"; };
		69B941E22490912600F97C8A /* convert_from_argb.cc */ = {isa = PBXFileReference; fileEncoding = 4; lastKnownFileType = sourcecode.cpp.cpp; path = convert_from_argb.cc; sourceTree = "<group>"; };
		69B941E42490912600F97C8A /* libyuv.h */ = {isa = PBXFileReference; fileEncoding = 4; lastKnownFileType = sourcecode.c.h; path = libyuv.h; sourceTree = "<group>"; };
		69B941E62490912600F97C8A /* scale_row.h */ = {isa = PBXFileReference; fileEncoding = 4; lastKnownFileType = sourcecode.c.h; path = scale_row.h; sourceTree = "<group>"; };
		69B941E72490912600F97C8A /* scale.h */ = {isa = PBXFileReference; fileEncoding = 4; lastKnownFileType = sourcecode.c.h; path = scale.h; sourceTree = "<group>"; };
		69B941E82490912600F97C8A /* version.h */ = {isa = PBXFileReference; fileEncoding = 4; lastKnownFileType = sourcecode.c.h; path = version.h; sourceTree = "<group>"; };
		69B941E92490912600F97C8A /* cpu_id.h */ = {isa = PBXFileReference; fileEncoding = 4; lastKnownFileType = sourcecode.c.h; path = cpu_id.h; sourceTree = "<group>"; };
		69B941EA2490912600F97C8A /* video_common.h */ = {isa = PBXFileReference; fileEncoding = 4; lastKnownFileType = sourcecode.c.h; path = video_common.h; sourceTree = "<group>"; };
		69B941EB2490912600F97C8A /* compare_row.h */ = {isa = PBXFileReference; fileEncoding = 4; lastKnownFileType = sourcecode.c.h; path = compare_row.h; sourceTree = "<group>"; };
		69B941EC2490912600F97C8A /* mjpeg_decoder.h */ = {isa = PBXFileReference; fileEncoding = 4; lastKnownFileType = sourcecode.c.h; path = mjpeg_decoder.h; sourceTree = "<group>"; };
		69B941ED2490912700F97C8A /* rotate_row.h */ = {isa = PBXFileReference; fileEncoding = 4; lastKnownFileType = sourcecode.c.h; path = rotate_row.h; sourceTree = "<group>"; };
		69B941EE2490912700F97C8A /* planar_functions.h */ = {isa = PBXFileReference; fileEncoding = 4; lastKnownFileType = sourcecode.c.h; path = planar_functions.h; sourceTree = "<group>"; };
		69B941EF2490912700F97C8A /* scale_argb.h */ = {isa = PBXFileReference; fileEncoding = 4; lastKnownFileType = sourcecode.c.h; path = scale_argb.h; sourceTree = "<group>"; };
		69B941F02490912700F97C8A /* compare.h */ = {isa = PBXFileReference; fileEncoding = 4; lastKnownFileType = sourcecode.c.h; path = compare.h; sourceTree = "<group>"; };
		69B941F12490912700F97C8A /* convert_argb.h */ = {isa = PBXFileReference; fileEncoding = 4; lastKnownFileType = sourcecode.c.h; path = convert_argb.h; sourceTree = "<group>"; };
		69B941F22490912700F97C8A /* rotate.h */ = {isa = PBXFileReference; fileEncoding = 4; lastKnownFileType = sourcecode.c.h; path = rotate.h; sourceTree = "<group>"; };
		69B941F32490912700F97C8A /* convert_from_argb.h */ = {isa = PBXFileReference; fileEncoding = 4; lastKnownFileType = sourcecode.c.h; path = convert_from_argb.h; sourceTree = "<group>"; };
		69B941F42490912700F97C8A /* basic_types.h */ = {isa = PBXFileReference; fileEncoding = 4; lastKnownFileType = sourcecode.c.h; path = basic_types.h; sourceTree = "<group>"; };
		69B941F52490912700F97C8A /* convert_from.h */ = {isa = PBXFileReference; fileEncoding = 4; lastKnownFileType = sourcecode.c.h; path = convert_from.h; sourceTree = "<group>"; };
		69B941F62490912700F97C8A /* convert.h */ = {isa = PBXFileReference; fileEncoding = 4; lastKnownFileType = sourcecode.c.h; path = convert.h; sourceTree = "<group>"; };
		69B941F72490912700F97C8A /* rotate_argb.h */ = {isa = PBXFileReference; fileEncoding = 4; lastKnownFileType = sourcecode.c.h; path = rotate_argb.h; sourceTree = "<group>"; };
		69B941F82490912700F97C8A /* macros_msa.h */ = {isa = PBXFileReference; fileEncoding = 4; lastKnownFileType = sourcecode.c.h; path = macros_msa.h; sourceTree = "<group>"; };
		69B941F92490912700F97C8A /* row.h */ = {isa = PBXFileReference; fileEncoding = 4; lastKnownFileType = sourcecode.c.h; path = row.h; sourceTree = "<group>"; };
		69B941FA2490912700F97C8A /* planar_functions.cc */ = {isa = PBXFileReference; fileEncoding = 4; lastKnownFileType = sourcecode.cpp.cpp; path = planar_functions.cc; sourceTree = "<group>"; };
		69B941FB2490912700F97C8A /* row_msa.cc */ = {isa = PBXFileReference; fileEncoding = 4; lastKnownFileType = sourcecode.cpp.cpp; path = row_msa.cc; sourceTree = "<group>"; };
		69B941FC2490912700F97C8A /* convert_argb.cc */ = {isa = PBXFileReference; fileEncoding = 4; lastKnownFileType = sourcecode.cpp.cpp; path = convert_argb.cc; sourceTree = "<group>"; };
		69B941FD2490912700F97C8A /* rotate_mips.cc */ = {isa = PBXFileReference; fileEncoding = 4; lastKnownFileType = sourcecode.cpp.cpp; path = rotate_mips.cc; sourceTree = "<group>"; };
		69B941FE2490912700F97C8A /* scale_mips.cc */ = {isa = PBXFileReference; fileEncoding = 4; lastKnownFileType = sourcecode.cpp.cpp; path = scale_mips.cc; sourceTree = "<group>"; };
		69B941FF2490912700F97C8A /* row_common.cc */ = {isa = PBXFileReference; fileEncoding = 4; lastKnownFileType = sourcecode.cpp.cpp; path = row_common.cc; sourceTree = "<group>"; };
		69B942002490912700F97C8A /* scale_any.cc */ = {isa = PBXFileReference; fileEncoding = 4; lastKnownFileType = sourcecode.cpp.cpp; path = scale_any.cc; sourceTree = "<group>"; };
		69B942012490912700F97C8A /* rotate_gcc.cc */ = {isa = PBXFileReference; fileEncoding = 4; lastKnownFileType = sourcecode.cpp.cpp; path = rotate_gcc.cc; sourceTree = "<group>"; };
		69B942022490912700F97C8A /* convert.cc */ = {isa = PBXFileReference; fileEncoding = 4; lastKnownFileType = sourcecode.cpp.cpp; path = convert.cc; sourceTree = "<group>"; };
		69B942032490912700F97C8A /* convert_from.cc */ = {isa = PBXFileReference; fileEncoding = 4; lastKnownFileType = sourcecode.cpp.cpp; path = convert_from.cc; sourceTree = "<group>"; };
		69B942042490912700F97C8A /* scale_common.cc */ = {isa = PBXFileReference; fileEncoding = 4; lastKnownFileType = sourcecode.cpp.cpp; path = scale_common.cc; sourceTree = "<group>"; };
		69B942052490912700F97C8A /* row_mips.cc */ = {isa = PBXFileReference; fileEncoding = 4; lastKnownFileType = sourcecode.cpp.cpp; path = row_mips.cc; sourceTree = "<group>"; };
		69B942062490912700F97C8A /* row_any.cc */ = {isa = PBXFileReference; fileEncoding = 4; lastKnownFileType = sourcecode.cpp.cpp; path = row_any.cc; sourceTree = "<group>"; };
		69B942072490912700F97C8A /* convert_to_argb.cc */ = {isa = PBXFileReference; fileEncoding = 4; lastKnownFileType = sourcecode.cpp.cpp; path = convert_to_argb.cc; sourceTree = "<group>"; };
		69B942082490912700F97C8A /* compare_neon.cc */ = {isa = PBXFileReference; fileEncoding = 4; lastKnownFileType = sourcecode.cpp.cpp; path = compare_neon.cc; sourceTree = "<group>"; };
		69B942092490912700F97C8A /* rotate_win.cc */ = {isa = PBXFileReference; fileEncoding = 4; lastKnownFileType = sourcecode.cpp.cpp; path = rotate_win.cc; sourceTree = "<group>"; };
		69B9420A2490912700F97C8A /* scale_msa.cc */ = {isa = PBXFileReference; fileEncoding = 4; lastKnownFileType = sourcecode.cpp.cpp; path = scale_msa.cc; sourceTree = "<group>"; };
		69B9420B2490912700F97C8A /* scale_neon64.cc */ = {isa = PBXFileReference; fileEncoding = 4; lastKnownFileType = sourcecode.cpp.cpp; path = scale_neon64.cc; sourceTree = "<group>"; };
		69B9420C2490912700F97C8A /* mjpeg_validate.cc */ = {isa = PBXFileReference; fileEncoding = 4; lastKnownFileType = sourcecode.cpp.cpp; path = mjpeg_validate.cc; sourceTree = "<group>"; };
		69B9420D2490912700F97C8A /* scale_win.cc */ = {isa = PBXFileReference; fileEncoding = 4; lastKnownFileType = sourcecode.cpp.cpp; path = scale_win.cc; sourceTree = "<group>"; };
		69B9420E2490912700F97C8A /* compare_common.cc */ = {isa = PBXFileReference; fileEncoding = 4; lastKnownFileType = sourcecode.cpp.cpp; path = compare_common.cc; sourceTree = "<group>"; };
		69B9420F2490912700F97C8A /* rotate_msa.cc */ = {isa = PBXFileReference; fileEncoding = 4; lastKnownFileType = sourcecode.cpp.cpp; path = rotate_msa.cc; sourceTree = "<group>"; };
		69B942102490912700F97C8A /* scale_neon.cc */ = {isa = PBXFileReference; fileEncoding = 4; lastKnownFileType = sourcecode.cpp.cpp; path = scale_neon.cc; sourceTree = "<group>"; };
		69B942112490912700F97C8A /* rotate_neon.cc */ = {isa = PBXFileReference; fileEncoding = 4; lastKnownFileType = sourcecode.cpp.cpp; path = rotate_neon.cc; sourceTree = "<group>"; };
		69B942122490912700F97C8A /* video_common.cc */ = {isa = PBXFileReference; fileEncoding = 4; lastKnownFileType = sourcecode.cpp.cpp; path = video_common.cc; sourceTree = "<group>"; };
		69B942132490912700F97C8A /* convert_to_i420.cc */ = {isa = PBXFileReference; fileEncoding = 4; lastKnownFileType = sourcecode.cpp.cpp; path = convert_to_i420.cc; sourceTree = "<group>"; };
		69B942142490912700F97C8A /* row_gcc.cc */ = {isa = PBXFileReference; fileEncoding = 4; lastKnownFileType = sourcecode.cpp.cpp; path = row_gcc.cc; sourceTree = "<group>"; };
		69B942152490912700F97C8A /* rotate_argb.cc */ = {isa = PBXFileReference; fileEncoding = 4; lastKnownFileType = sourcecode.cpp.cpp; path = rotate_argb.cc; sourceTree = "<group>"; };
		69B942162490912700F97C8A /* compare_gcc.cc */ = {isa = PBXFileReference; fileEncoding = 4; lastKnownFileType = sourcecode.cpp.cpp; path = compare_gcc.cc; sourceTree = "<group>"; };
		69B942172490912700F97C8A /* compare_neon64.cc */ = {isa = PBXFileReference; fileEncoding = 4; lastKnownFileType = sourcecode.cpp.cpp; path = compare_neon64.cc; sourceTree = "<group>"; };
		69B942182490912700F97C8A /* scale_argb.cc */ = {isa = PBXFileReference; fileEncoding = 4; lastKnownFileType = sourcecode.cpp.cpp; path = scale_argb.cc; sourceTree = "<group>"; };
		69C864262465918500BF21FA /* MTGLContext.m */ = {isa = PBXFileReference; fileEncoding = 4; lastKnownFileType = sourcecode.c.objc; path = MTGLContext.m; sourceTree = "<group>"; };
		69C864272465918500BF21FA /* MTGLHead.h */ = {isa = PBXFileReference; fileEncoding = 4; lastKnownFileType = sourcecode.c.h; path = MTGLHead.h; sourceTree = "<group>"; };
		69C864282465918500BF21FA /* MTGLContext.h */ = {isa = PBXFileReference; fileEncoding = 4; lastKnownFileType = sourcecode.c.h; path = MTGLContext.h; sourceTree = "<group>"; };
		69C8642A2465923D00BF21FA /* MTGLShader.h */ = {isa = PBXFileReference; lastKnownFileType = sourcecode.c.h; path = MTGLShader.h; sourceTree = "<group>"; };
		69C8642B2465923D00BF21FA /* MTGLShader.m */ = {isa = PBXFileReference; lastKnownFileType = sourcecode.c.objc; path = MTGLShader.m; sourceTree = "<group>"; };
		69C8642D246594B700BF21FA /* MTGLCanvasView.h */ = {isa = PBXFileReference; lastKnownFileType = sourcecode.c.h; path = MTGLCanvasView.h; sourceTree = "<group>"; };
		69C8642E246594B700BF21FA /* MTGLCanvasView.m */ = {isa = PBXFileReference; lastKnownFileType = sourcecode.c.objc; path = MTGLCanvasView.m; sourceTree = "<group>"; };
		69C8643324659E8300BF21FA /* MTGLRenderTask.h */ = {isa = PBXFileReference; lastKnownFileType = sourcecode.c.h; path = MTGLRenderTask.h; sourceTree = "<group>"; };
		69C8643424659E8300BF21FA /* MTGLRenderTask.m */ = {isa = PBXFileReference; lastKnownFileType = sourcecode.c.objc; path = MTGLRenderTask.m; sourceTree = "<group>"; };
		69E57E9B242B334400ED9174 /* ScreenShot.png */ = {isa = PBXFileReference; lastKnownFileType = image.png; path = ScreenShot.png; sourceTree = "<group>"; };
		69E57E9D242B395600ED9174 /* snapshot.png */ = {isa = PBXFileReference; lastKnownFileType = image.png; path = snapshot.png; sourceTree = "<group>"; };
		69E684EF2695DC2B00FB499F /* DYVtuberTexturePixelMapper.h */ = {isa = PBXFileReference; lastKnownFileType = sourcecode.c.h; path = DYVtuberTexturePixelMapper.h; sourceTree = "<group>"; };
		69E684F02695DC2B00FB499F /* DYVtuberTexturePixelMapper.m */ = {isa = PBXFileReference; lastKnownFileType = sourcecode.c.objc; path = DYVtuberTexturePixelMapper.m; sourceTree = "<group>"; };
		69FC0CBC248FB9F4005B1D32 /* CameraManager.h */ = {isa = PBXFileReference; lastKnownFileType = sourcecode.c.h; path = CameraManager.h; sourceTree = "<group>"; };
		69FC0CBD248FB9F4005B1D32 /* CameraManager.m */ = {isa = PBXFileReference; lastKnownFileType = sourcecode.c.objc; path = CameraManager.m; sourceTree = "<group>"; };
		69FC0CBF248FBA4D005B1D32 /* VideoFrame.h */ = {isa = PBXFileReference; lastKnownFileType = sourcecode.c.h; path = VideoFrame.h; sourceTree = "<group>"; };
		69FC0CC0248FBA4D005B1D32 /* VideoFrame.m */ = {isa = PBXFileReference; lastKnownFileType = sourcecode.c.objc; path = VideoFrame.m; sourceTree = "<group>"; };
		69FF159D248626920082DC74 /* MTGLTool.h */ = {isa = PBXFileReference; lastKnownFileType = sourcecode.c.h; path = MTGLTool.h; sourceTree = "<group>"; };
		69FF159E248626920082DC74 /* MTGLTool.m */ = {isa = PBXFileReference; lastKnownFileType = sourcecode.c.objc; path = MTGLTool.m; sourceTree = "<group>"; };
/* End PBXFileReference section */

/* Begin PBXFrameworksBuildPhase section */
		69204B422312815F00EFC794 /* Frameworks */ = {
			isa = PBXFrameworksBuildPhase;
			buildActionMask = 2147483647;
			files = (
			);
			runOnlyForDeploymentPostprocessing = 0;
		};
/* End PBXFrameworksBuildPhase section */

/* Begin PBXGroup section */
		69204B3C2312815F00EFC794 = {
			isa = PBXGroup;
			children = (
				69204B472312815F00EFC794 /* VideoChatDemo */,
				69204B462312815F00EFC794 /* Products */,
			);
			sourceTree = "<group>";
		};
		69204B462312815F00EFC794 /* Products */ = {
			isa = PBXGroup;
			children = (
				69204B452312815F00EFC794 /* VideoChatDemo.app */,
			);
			name = Products;
			sourceTree = "<group>";
		};
		69204B472312815F00EFC794 /* VideoChatDemo */ = {
			isa = PBXGroup;
			children = (
				69B940FD24908F1C00F97C8A /* YUVManager */,
				69FC0CBB248FB9B3005B1D32 /* Camera */,
				69C864252465918500BF21FA /* MTGLKit */,
				69E57E9D242B395600ED9174 /* snapshot.png */,
				69E57E9B242B334400ED9174 /* ScreenShot.png */,
				6902016E2424D77400CFC704 /* test1.jpg */,
				6902016F2424D77400CFC704 /* test2.jpg */,
				690201702424D77400CFC704 /* test3.jpg */,
				690201672424D72D00CFC704 /* test4.jpg */,
				690201682424D72D00CFC704 /* test5.jpg */,
				69204B482312815F00EFC794 /* AppDelegate.h */,
				69204B492312815F00EFC794 /* AppDelegate.m */,
				69204B512312816000EFC794 /* Assets.xcassets */,
				690201102424AAAE00CFC704 /* GLRenderView.h */,
				690201122424AAAE00CFC704 /* GLRenderView.m */,
				69204B562312816000EFC794 /* Info.plist */,
				69204B532312816000EFC794 /* LaunchScreen.storyboard */,
				69204B572312816000EFC794 /* main.m */,
				69204B4E2312815F00EFC794 /* Main.storyboard */,
				690201112424AAAE00CFC704 /* vertex.glsl */,
				6902010F2424AAAE00CFC704 /* fragment.glsl */,
				69204B4B2312815F00EFC794 /* ViewController.h */,
				69204B4C2312815F00EFC794 /* ViewController.m */,
			);
			path = VideoChatDemo;
			sourceTree = "<group>";
		};
		69B940FD24908F1C00F97C8A /* YUVManager */ = {
			isa = PBXGroup;
			children = (
				69B941D32490912600F97C8A /* source */,
				69B9415B24908F2C00F97C8A /* YUVManager.h */,
				69B9415C24908F2C00F97C8A /* YUVManager.mm */,
			);
			path = YUVManager;
			sourceTree = "<group>";
		};
		69B941D32490912600F97C8A /* source */ = {
			isa = PBXGroup;
			children = (
				69B941E32490912600F97C8A /* include */,
				69B9420E2490912700F97C8A /* compare_common.cc */,
				69B942162490912700F97C8A /* compare_gcc.cc */,
				69B942082490912700F97C8A /* compare_neon.cc */,
				69B942172490912700F97C8A /* compare_neon64.cc */,
				69B941D92490912600F97C8A /* compare_win.cc */,
				69B941E02490912600F97C8A /* compare.cc */,
				69B941FC2490912700F97C8A /* convert_argb.cc */,
				69B941E22490912600F97C8A /* convert_from_argb.cc */,
				69B942032490912700F97C8A /* convert_from.cc */,
				69B941D82490912600F97C8A /* convert_jpeg.cc */,
				69B942072490912700F97C8A /* convert_to_argb.cc */,
				69B942132490912700F97C8A /* convert_to_i420.cc */,
				69B942022490912700F97C8A /* convert.cc */,
				69B941DA2490912600F97C8A /* cpu_id.cc */,
				69B941DC2490912600F97C8A /* mjpeg_decoder.cc */,
				69B9420C2490912700F97C8A /* mjpeg_validate.cc */,
				69B941FA2490912700F97C8A /* planar_functions.cc */,
				69B941D52490912600F97C8A /* rotate_any.cc */,
				69B942152490912700F97C8A /* rotate_argb.cc */,
				69B941D42490912600F97C8A /* rotate_common.cc */,
				69B942012490912700F97C8A /* rotate_gcc.cc */,
				69B941FD2490912700F97C8A /* rotate_mips.cc */,
				69B9420F2490912700F97C8A /* rotate_msa.cc */,
				69B942112490912700F97C8A /* rotate_neon.cc */,
				69B941DE2490912600F97C8A /* rotate_neon64.cc */,
				69B942092490912700F97C8A /* rotate_win.cc */,
				69B941D62490912600F97C8A /* rotate.cc */,
				69B942062490912700F97C8A /* row_any.cc */,
				69B941FF2490912700F97C8A /* row_common.cc */,
				69B942142490912700F97C8A /* row_gcc.cc */,
				69B942052490912700F97C8A /* row_mips.cc */,
				69B941FB2490912700F97C8A /* row_msa.cc */,
				69B941DD2490912600F97C8A /* row_neon.cc */,
				69B941E12490912600F97C8A /* row_neon64.cc */,
				69B941DB2490912600F97C8A /* row_win.cc */,
				69B942002490912700F97C8A /* scale_any.cc */,
				69B942182490912700F97C8A /* scale_argb.cc */,
				69B942042490912700F97C8A /* scale_common.cc */,
				69B941D72490912600F97C8A /* scale_gcc.cc */,
				69B941FE2490912700F97C8A /* scale_mips.cc */,
				69B9420A2490912700F97C8A /* scale_msa.cc */,
				69B942102490912700F97C8A /* scale_neon.cc */,
				69B9420B2490912700F97C8A /* scale_neon64.cc */,
				69B9420D2490912700F97C8A /* scale_win.cc */,
				69B941DF2490912600F97C8A /* scale.cc */,
				69B942122490912700F97C8A /* video_common.cc */,
			);
			path = source;
			sourceTree = "<group>";
		};
		69B941E32490912600F97C8A /* include */ = {
			isa = PBXGroup;
			children = (
				69B941E42490912600F97C8A /* libyuv.h */,
				69B941E52490912600F97C8A /* libyuv */,
			);
			path = include;
			sourceTree = "<group>";
		};
		69B941E52490912600F97C8A /* libyuv */ = {
			isa = PBXGroup;
			children = (
				69B941E62490912600F97C8A /* scale_row.h */,
				69B941E72490912600F97C8A /* scale.h */,
				69B941E82490912600F97C8A /* version.h */,
				69B941E92490912600F97C8A /* cpu_id.h */,
				69B941EA2490912600F97C8A /* video_common.h */,
				69B941EB2490912600F97C8A /* compare_row.h */,
				69B941EC2490912600F97C8A /* mjpeg_decoder.h */,
				69B941ED2490912700F97C8A /* rotate_row.h */,
				69B941EE2490912700F97C8A /* planar_functions.h */,
				69B941EF2490912700F97C8A /* scale_argb.h */,
				69B941F02490912700F97C8A /* compare.h */,
				69B941F12490912700F97C8A /* convert_argb.h */,
				69B941F22490912700F97C8A /* rotate.h */,
				69B941F32490912700F97C8A /* convert_from_argb.h */,
				69B941F42490912700F97C8A /* basic_types.h */,
				69B941F52490912700F97C8A /* convert_from.h */,
				69B941F62490912700F97C8A /* convert.h */,
				69B941F72490912700F97C8A /* rotate_argb.h */,
				69B941F82490912700F97C8A /* macros_msa.h */,
				69B941F92490912700F97C8A /* row.h */,
			);
			path = libyuv;
			sourceTree = "<group>";
		};
		69C864252465918500BF21FA /* MTGLKit */ = {
			isa = PBXGroup;
			children = (
				69C8642D246594B700BF21FA /* MTGLCanvasView.h */,
				69C8642E246594B700BF21FA /* MTGLCanvasView.m */,
				69C864282465918500BF21FA /* MTGLContext.h */,
				69C864262465918500BF21FA /* MTGLContext.m */,
				69C864272465918500BF21FA /* MTGLHead.h */,
				69C8643324659E8300BF21FA /* MTGLRenderTask.h */,
				69C8643424659E8300BF21FA /* MTGLRenderTask.m */,
				69C8642A2465923D00BF21FA /* MTGLShader.h */,
				69C8642B2465923D00BF21FA /* MTGLShader.m */,
				69FF159D248626920082DC74 /* MTGLTool.h */,
				69FF159E248626920082DC74 /* MTGLTool.m */,
				690AE3F82492162100B1D41E /* MTVideoShader.h */,
				690AE3F92492162100B1D41E /* MTVideoShader.m */,
				690AE3FC2492166400B1D41E /* VideoFragment.glsl */,
				690AE3FB2492166400B1D41E /* VideoVertex.glsl */,
				69E684EF2695DC2B00FB499F /* DYVtuberTexturePixelMapper.h */,
				69E684F02695DC2B00FB499F /* DYVtuberTexturePixelMapper.m */,
			);
			path = MTGLKit;
			sourceTree = "<group>";
		};
		69FC0CBB248FB9B3005B1D32 /* Camera */ = {
			isa = PBXGroup;
			children = (
				69FC0CBC248FB9F4005B1D32 /* CameraManager.h */,
				69FC0CBD248FB9F4005B1D32 /* CameraManager.m */,
				69FC0CBF248FBA4D005B1D32 /* VideoFrame.h */,
				69FC0CC0248FBA4D005B1D32 /* VideoFrame.m */,
			);
			path = Camera;
			sourceTree = "<group>";
		};
/* End PBXGroup section */

/* Begin PBXNativeTarget section */
		69204B442312815F00EFC794 /* VideoChatDemo */ = {
			isa = PBXNativeTarget;
			buildConfigurationList = 69204B5B2312816000EFC794 /* Build configuration list for PBXNativeTarget "VideoChatDemo" */;
			buildPhases = (
				69204B412312815F00EFC794 /* Sources */,
				69204B422312815F00EFC794 /* Frameworks */,
				69204B432312815F00EFC794 /* Resources */,
			);
			buildRules = (
			);
			dependencies = (
			);
			name = VideoChatDemo;
			productName = VideoChatDemo;
			productReference = 69204B452312815F00EFC794 /* VideoChatDemo.app */;
			productType = "com.apple.product-type.application";
		};
/* End PBXNativeTarget section */

/* Begin PBXProject section */
		69204B3D2312815F00EFC794 /* Project object */ = {
			isa = PBXProject;
			attributes = {
				CLASSPREFIX = DYVtuber;
				LastUpgradeCheck = 1030;
				ORGANIZATIONNAME = menthu;
				TargetAttributes = {
					69204B442312815F00EFC794 = {
						CreatedOnToolsVersion = 10.3;
					};
				};
			};
			buildConfigurationList = 69204B402312815F00EFC794 /* Build configuration list for PBXProject "VideoChatDemo" */;
			compatibilityVersion = "Xcode 9.3";
			developmentRegion = en;
			hasScannedForEncodings = 0;
			knownRegions = (
				en,
				Base,
			);
			mainGroup = 69204B3C2312815F00EFC794;
			productRefGroup = 69204B462312815F00EFC794 /* Products */;
			projectDirPath = "";
			projectRoot = "";
			targets = (
				69204B442312815F00EFC794 /* VideoChatDemo */,
			);
		};
/* End PBXProject section */

/* Begin PBXResourcesBuildPhase section */
		69204B432312815F00EFC794 /* Resources */ = {
			isa = PBXResourcesBuildPhase;
			buildActionMask = 2147483647;
			files = (
				69204B552312816000EFC794 /* LaunchScreen.storyboard in Resources */,
				690201712424D77400CFC704 /* test1.jpg in Resources */,
				690201132424AAAE00CFC704 /* fragment.glsl in Resources */,
				690AE3FD2492166400B1D41E /* VideoVertex.glsl in Resources */,
				69E57E9E242B395600ED9174 /* snapshot.png in Resources */,
				69204B522312816000EFC794 /* Assets.xcassets in Resources */,
				69E57E9C242B334400ED9174 /* ScreenShot.png in Resources */,
				69204B502312815F00EFC794 /* Main.storyboard in Resources */,
				6902016D2424D72D00CFC704 /* test5.jpg in Resources */,
				690201142424AAAE00CFC704 /* vertex.glsl in Resources */,
				6902016C2424D72D00CFC704 /* test4.jpg in Resources */,
				690AE3FE2492166400B1D41E /* VideoFragment.glsl in Resources */,
				690201722424D77400CFC704 /* test2.jpg in Resources */,
				690201732424D77400CFC704 /* test3.jpg in Resources */,
			);
			runOnlyForDeploymentPostprocessing = 0;
		};
/* End PBXResourcesBuildPhase section */

/* Begin PBXSourcesBuildPhase section */
		69204B412312815F00EFC794 /* Sources */ = {
			isa = PBXSourcesBuildPhase;
			buildActionMask = 2147483647;
			files = (
				69B942422490912700F97C8A /* row_gcc.cc in Sources */,
				690AE3FA2492162100B1D41E /* MTVideoShader.m in Sources */,
				69B942442490912700F97C8A /* compare_gcc.cc in Sources */,
				69FC0CBE248FB9F4005B1D32 /* CameraManager.m in Sources */,
				69B942372490912700F97C8A /* rotate_win.cc in Sources */,
				69B9421F2490912700F97C8A /* cpu_id.cc in Sources */,
				69B942432490912700F97C8A /* rotate_argb.cc in Sources */,
				69B942282490912700F97C8A /* planar_functions.cc in Sources */,
				69C8642C2465923D00BF21FA /* MTGLShader.m in Sources */,
				69B9423B2490912700F97C8A /* scale_win.cc in Sources */,
				69C864292465918500BF21FA /* MTGLContext.m in Sources */,
				69B9415D24908F2C00F97C8A /* YUVManager.mm in Sources */,
				69B942222490912700F97C8A /* row_neon.cc in Sources */,
				69204B4D2312815F00EFC794 /* ViewController.m in Sources */,
				69B9422A2490912700F97C8A /* convert_argb.cc in Sources */,
				69B942382490912700F97C8A /* scale_msa.cc in Sources */,
				69B9422B2490912700F97C8A /* rotate_mips.cc in Sources */,
				69B942272490912700F97C8A /* convert_from_argb.cc in Sources */,
				69B942452490912700F97C8A /* compare_neon64.cc in Sources */,
				69B942252490912700F97C8A /* compare.cc in Sources */,
				69B942292490912700F97C8A /* row_msa.cc in Sources */,
				69B9423D2490912700F97C8A /* rotate_msa.cc in Sources */,
				69B942262490912700F97C8A /* row_neon64.cc in Sources */,
				69204B582312816000EFC794 /* main.m in Sources */,
				69B9422D2490912700F97C8A /* row_common.cc in Sources */,
				69B942342490912700F97C8A /* row_any.cc in Sources */,
				69B9422F2490912700F97C8A /* rotate_gcc.cc in Sources */,
				69B9421C2490912700F97C8A /* scale_gcc.cc in Sources */,
				69FC0CC1248FBA4D005B1D32 /* VideoFrame.m in Sources */,
				69B942352490912700F97C8A /* convert_to_argb.cc in Sources */,
				69B942302490912700F97C8A /* convert.cc in Sources */,
				69B9421A2490912700F97C8A /* rotate_any.cc in Sources */,
				69B9423E2490912700F97C8A /* scale_neon.cc in Sources */,
				69B9423A2490912700F97C8A /* mjpeg_validate.cc in Sources */,
				69B9421D2490912700F97C8A /* convert_jpeg.cc in Sources */,
				69B942462490912700F97C8A /* scale_argb.cc in Sources */,
				69B942232490912700F97C8A /* rotate_neon64.cc in Sources */,
				69B942332490912700F97C8A /* row_mips.cc in Sources */,
				69B942362490912700F97C8A /* compare_neon.cc in Sources */,
				69B942402490912700F97C8A /* video_common.cc in Sources */,
				69B942192490912700F97C8A /* rotate_common.cc in Sources */,
				69B942392490912700F97C8A /* scale_neon64.cc in Sources */,
				69C8643524659E8300BF21FA /* MTGLRenderTask.m in Sources */,
				69B942202490912700F97C8A /* row_win.cc in Sources */,
				69B9422E2490912700F97C8A /* scale_any.cc in Sources */,
				69B942412490912700F97C8A /* convert_to_i420.cc in Sources */,
				69B9421E2490912700F97C8A /* compare_win.cc in Sources */,
				69FF159F248626920082DC74 /* MTGLTool.m in Sources */,
				69204B4A2312815F00EFC794 /* AppDelegate.m in Sources */,
				69B9423C2490912700F97C8A /* compare_common.cc in Sources */,
				69B9421B2490912700F97C8A /* rotate.cc in Sources */,
				69B942312490912700F97C8A /* convert_from.cc in Sources */,
				69B9422C2490912700F97C8A /* scale_mips.cc in Sources */,
				69B942212490912700F97C8A /* mjpeg_decoder.cc in Sources */,
				69E684F12695DC2C00FB499F /* DYVtuberTexturePixelMapper.m in Sources */,
				69B942242490912700F97C8A /* scale.cc in Sources */,
				69B9423F2490912700F97C8A /* rotate_neon.cc in Sources */,
				690201152424AAAE00CFC704 /* GLRenderView.m in Sources */,
				69B942322490912700F97C8A /* scale_common.cc in Sources */,
				69C8642F246594B700BF21FA /* MTGLCanvasView.m in Sources */,
			);
			runOnlyForDeploymentPostprocessing = 0;
		};
/* End PBXSourcesBuildPhase section */

/* Begin PBXVariantGroup section */
		69204B4E2312815F00EFC794 /* Main.storyboard */ = {
			isa = PBXVariantGroup;
			children = (
				69204B4F2312815F00EFC794 /* Base */,
			);
			name = Main.storyboard;
			sourceTree = "<group>";
		};
		69204B532312816000EFC794 /* LaunchScreen.storyboard */ = {
			isa = PBXVariantGroup;
			children = (
				69204B542312816000EFC794 /* Base */,
			);
			name = LaunchScreen.storyboard;
			sourceTree = "<group>";
		};
/* End PBXVariantGroup section */

/* Begin XCBuildConfiguration section */
		69204B592312816000EFC794 /* Debug */ = {
			isa = XCBuildConfiguration;
			buildSettings = {
				ALWAYS_SEARCH_USER_PATHS = NO;
				CLANG_ANALYZER_NONNULL = YES;
				CLANG_ANALYZER_NUMBER_OBJECT_CONVERSION = YES_AGGRESSIVE;
				CLANG_CXX_LANGUAGE_STANDARD = "gnu++14";
				CLANG_CXX_LIBRARY = "libc++";
				CLANG_ENABLE_MODULES = YES;
				CLANG_ENABLE_OBJC_ARC = YES;
				CLANG_ENABLE_OBJC_WEAK = YES;
				CLANG_WARN_BLOCK_CAPTURE_AUTORELEASING = YES;
				CLANG_WARN_BOOL_CONVERSION = YES;
				CLANG_WARN_COMMA = YES;
				CLANG_WARN_CONSTANT_CONVERSION = YES;
				CLANG_WARN_DEPRECATED_OBJC_IMPLEMENTATIONS = YES;
				CLANG_WARN_DIRECT_OBJC_ISA_USAGE = YES_ERROR;
				CLANG_WARN_DOCUMENTATION_COMMENTS = YES;
				CLANG_WARN_EMPTY_BODY = YES;
				CLANG_WARN_ENUM_CONVERSION = YES;
				CLANG_WARN_INFINITE_RECURSION = YES;
				CLANG_WARN_INT_CONVERSION = YES;
				CLANG_WARN_NON_LITERAL_NULL_CONVERSION = YES;
				CLANG_WARN_OBJC_IMPLICIT_RETAIN_SELF = YES;
				CLANG_WARN_OBJC_LITERAL_CONVERSION = YES;
				CLANG_WARN_OBJC_ROOT_CLASS = YES_ERROR;
				CLANG_WARN_RANGE_LOOP_ANALYSIS = YES;
				CLANG_WARN_STRICT_PROTOTYPES = YES;
				CLANG_WARN_SUSPICIOUS_MOVE = YES;
				CLANG_WARN_UNGUARDED_AVAILABILITY = YES_AGGRESSIVE;
				CLANG_WARN_UNREACHABLE_CODE = YES;
				CLANG_WARN__DUPLICATE_METHOD_MATCH = YES;
				CODE_SIGN_IDENTITY = "iPhone Developer";
				COPY_PHASE_STRIP = NO;
				DEBUG_INFORMATION_FORMAT = dwarf;
				ENABLE_STRICT_OBJC_MSGSEND = YES;
				ENABLE_TESTABILITY = YES;
				GCC_C_LANGUAGE_STANDARD = gnu11;
				GCC_DYNAMIC_NO_PIC = NO;
				GCC_NO_COMMON_BLOCKS = YES;
				GCC_OPTIMIZATION_LEVEL = 0;
				GCC_PREPROCESSOR_DEFINITIONS = (
					"DEBUG=1",
					"$(inherited)",
				);
				GCC_WARN_64_TO_32_BIT_CONVERSION = YES;
				GCC_WARN_ABOUT_RETURN_TYPE = YES_ERROR;
				GCC_WARN_UNDECLARED_SELECTOR = YES;
				GCC_WARN_UNINITIALIZED_AUTOS = YES_AGGRESSIVE;
				GCC_WARN_UNUSED_FUNCTION = YES;
				GCC_WARN_UNUSED_VARIABLE = YES;
				IPHONEOS_DEPLOYMENT_TARGET = 12.4;
				MTL_ENABLE_DEBUG_INFO = INCLUDE_SOURCE;
				MTL_FAST_MATH = YES;
				ONLY_ACTIVE_ARCH = YES;
				SDKROOT = iphoneos;
			};
			name = Debug;
		};
		69204B5A2312816000EFC794 /* Release */ = {
			isa = XCBuildConfiguration;
			buildSettings = {
				ALWAYS_SEARCH_USER_PATHS = NO;
				CLANG_ANALYZER_NONNULL = YES;
				CLANG_ANALYZER_NUMBER_OBJECT_CONVERSION = YES_AGGRESSIVE;
				CLANG_CXX_LANGUAGE_STANDARD = "gnu++14";
				CLANG_CXX_LIBRARY = "libc++";
				CLANG_ENABLE_MODULES = YES;
				CLANG_ENABLE_OBJC_ARC = YES;
				CLANG_ENABLE_OBJC_WEAK = YES;
				CLANG_WARN_BLOCK_CAPTURE_AUTORELEASING = YES;
				CLANG_WARN_BOOL_CONVERSION = YES;
				CLANG_WARN_COMMA = YES;
				CLANG_WARN_CONSTANT_CONVERSION = YES;
				CLANG_WARN_DEPRECATED_OBJC_IMPLEMENTATIONS = YES;
				CLANG_WARN_DIRECT_OBJC_ISA_USAGE = YES_ERROR;
				CLANG_WARN_DOCUMENTATION_COMMENTS = YES;
				CLANG_WARN_EMPTY_BODY = YES;
				CLANG_WARN_ENUM_CONVERSION = YES;
				CLANG_WARN_INFINITE_RECURSION = YES;
				CLANG_WARN_INT_CONVERSION = YES;
				CLANG_WARN_NON_LITERAL_NULL_CONVERSION = YES;
				CLANG_WARN_OBJC_IMPLICIT_RETAIN_SELF = YES;
				CLANG_WARN_OBJC_LITERAL_CONVERSION = YES;
				CLANG_WARN_OBJC_ROOT_CLASS = YES_ERROR;
				CLANG_WARN_RANGE_LOOP_ANALYSIS = YES;
				CLANG_WARN_STRICT_PROTOTYPES = YES;
				CLANG_WARN_SUSPICIOUS_MOVE = YES;
				CLANG_WARN_UNGUARDED_AVAILABILITY = YES_AGGRESSIVE;
				CLANG_WARN_UNREACHABLE_CODE = YES;
				CLANG_WARN__DUPLICATE_METHOD_MATCH = YES;
				CODE_SIGN_IDENTITY = "iPhone Developer";
				COPY_PHASE_STRIP = NO;
				DEBUG_INFORMATION_FORMAT = "dwarf-with-dsym";
				ENABLE_NS_ASSERTIONS = NO;
				ENABLE_STRICT_OBJC_MSGSEND = YES;
				GCC_C_LANGUAGE_STANDARD = gnu11;
				GCC_NO_COMMON_BLOCKS = YES;
				GCC_WARN_64_TO_32_BIT_CONVERSION = YES;
				GCC_WARN_ABOUT_RETURN_TYPE = YES_ERROR;
				GCC_WARN_UNDECLARED_SELECTOR = YES;
				GCC_WARN_UNINITIALIZED_AUTOS = YES_AGGRESSIVE;
				GCC_WARN_UNUSED_FUNCTION = YES;
				GCC_WARN_UNUSED_VARIABLE = YES;
				IPHONEOS_DEPLOYMENT_TARGET = 12.4;
				MTL_ENABLE_DEBUG_INFO = NO;
				MTL_FAST_MATH = YES;
				SDKROOT = iphoneos;
				VALIDATE_PRODUCT = YES;
			};
			name = Release;
		};
		69204B5C2312816000EFC794 /* Debug */ = {
			isa = XCBuildConfiguration;
			buildSettings = {
				ASSETCATALOG_COMPILER_APPICON_NAME = AppIcon;
				CODE_SIGN_STYLE = Automatic;
				DEVELOPMENT_TEAM = 25GP64SU6U;
				HEADER_SEARCH_PATHS = $SRCROOT/VideoChatDemo/YUVManager/source/include;
				INFOPLIST_FILE = VideoChatDemo/Info.plist;
				IPHONEOS_DEPLOYMENT_TARGET = 9.0;
				LD_RUNPATH_SEARCH_PATHS = (
					"$(inherited)",
					"@executable_path/Frameworks",
				);
				PRODUCT_BUNDLE_IDENTIFIER = org.menthu.VideoChatDemo.menthu;
				PRODUCT_NAME = "$(TARGET_NAME)";
				TARGETED_DEVICE_FAMILY = "1,2";
			};
			name = Debug;
		};
		69204B5D2312816000EFC794 /* Release */ = {
			isa = XCBuildConfiguration;
			buildSettings = {
				ASSETCATALOG_COMPILER_APPICON_NAME = AppIcon;
				CODE_SIGN_STYLE = Automatic;
				DEVELOPMENT_TEAM = 25GP64SU6U;
				HEADER_SEARCH_PATHS = $SRCROOT/VideoChatDemo/YUVManager/source/include;
				INFOPLIST_FILE = VideoChatDemo/Info.plist;
				IPHONEOS_DEPLOYMENT_TARGET = 9.0;
				LD_RUNPATH_SEARCH_PATHS = (
					"$(inherited)",
					"@executable_path/Frameworks",
				);
				PRODUCT_BUNDLE_IDENTIFIER = org.menthu.VideoChatDemo.menthu;
				PRODUCT_NAME = "$(TARGET_NAME)";
				TARGETED_DEVICE_FAMILY = "1,2";
			};
			name = Release;
		};
/* End XCBuildConfiguration section */

/* Begin XCConfigurationList section */
		69204B402312815F00EFC794 /* Build configuration list for PBXProject "VideoChatDemo" */ = {
			isa = XCConfigurationList;
			buildConfigurations = (
				69204B592312816000EFC794 /* Debug */,
				69204B5A2312816000EFC794 /* Release */,
			);
			defaultConfigurationIsVisible = 0;
			defaultConfigurationName = Release;
		};
		69204B5B2312816000EFC794 /* Build configuration list for PBXNativeTarget "VideoChatDemo" */ = {
			isa = XCConfigurationList;
			buildConfigurations = (
				69204B5C2312816000EFC794 /* Debug */,
				69204B5D2312816000EFC794 /* Release */,
			);
			defaultConfigurationIsVisible = 0;
			defaultConfigurationName = Release;
		};
/* End XCConfigurationList section */
	};
	rootObject = 69204B3D2312815F00EFC794 /* Project object */;
}
