// !$*UTF8*$!
{
	archiveVersion = 1;
	classes = {
	};
	objectVersion = 50;
	objects = {

/* Begin PBXBuildFile section */
		69204B4A2312815F00EFC794 /* AppDelegate.m in Sources */ = {isa = PBXBuildFile; fileRef = 69204B492312815F00EFC794 /* AppDelegate.m */; };
		69204B4D2312815F00EFC794 /* ViewController.m in Sources */ = {isa = PBXBuildFile; fileRef = 69204B4C2312815F00EFC794 /* ViewController.m */; };
		69204B502312815F00EFC794 /* Main.storyboard in Resources */ = {isa = PBXBuildFile; fileRef = 69204B4E2312815F00EFC794 /* Main.storyboard */; };
		69204B522312816000EFC794 /* Assets.xcassets in Resources */ = {isa = PBXBuildFile; fileRef = 69204B512312816000EFC794 /* Assets.xcassets */; };
		69204B552312816000EFC794 /* LaunchScreen.storyboard in Resources */ = {isa = PBXBuildFile; fileRef = 69204B532312816000EFC794 /* LaunchScreen.storyboard */; };
		69204B582312816000EFC794 /* main.m in Sources */ = {isa = PBXBuildFile; fileRef = 69204B572312816000EFC794 /* main.m */; };
		69204B602312819100EFC794 /* VideoManager.m in Sources */ = {isa = PBXBuildFile; fileRef = 69204B5F2312819100EFC794 /* VideoManager.m */; };
		69204B86231287C300EFC794 /* GLRenderView.m in Sources */ = {isa = PBXBuildFile; fileRef = 69204B85231287C300EFC794 /* GLRenderView.m */; };
		69204B892312911200EFC794 /* fragment.glsl in Resources */ = {isa = PBXBuildFile; fileRef = 69204B872312911200EFC794 /* fragment.glsl */; };
		69204B8A2312911200EFC794 /* vertex.glsl in Resources */ = {isa = PBXBuildFile; fileRef = 69204B882312911200EFC794 /* vertex.glsl */; };
		693E7AF423167A9A00C301D6 /* VideoFrame.m in Sources */ = {isa = PBXBuildFile; fileRef = 693E7AF323167A9A00C301D6 /* VideoFrame.m */; };
		694329E0231D054A00E85941 /* GLViewController.m in Sources */ = {isa = PBXBuildFile; fileRef = 694329DF231D054A00E85941 /* GLViewController.m */; };
		694329E5231D07A500E85941 /* TriangleVertex.glsl in Resources */ = {isa = PBXBuildFile; fileRef = 694329E3231D07A500E85941 /* TriangleVertex.glsl */; };
		694329E6231D07A500E85941 /* TriangleFragment.glsl in Resources */ = {isa = PBXBuildFile; fileRef = 694329E4231D07A500E85941 /* TriangleFragment.glsl */; };
/* End PBXBuildFile section */

/* Begin PBXFileReference section */
		69204B452312815F00EFC794 /* VideoChatDemo.app */ = {isa = PBXFileReference; explicitFileType = wrapper.application; includeInIndex = 0; path = VideoChatDemo.app; sourceTree = BUILT_PRODUCTS_DIR; };
		69204B482312815F00EFC794 /* AppDelegate.h */ = {isa = PBXFileReference; lastKnownFileType = sourcecode.c.h; path = AppDelegate.h; sourceTree = "<group>"; };
		69204B492312815F00EFC794 /* AppDelegate.m */ = {isa = PBXFileReference; lastKnownFileType = sourcecode.c.objc; path = AppDelegate.m; sourceTree = "<group>"; };
		69204B4B2312815F00EFC794 /* ViewController.h */ = {isa = PBXFileReference; lastKnownFileType = sourcecode.c.h; path = ViewController.h; sourceTree = "<group>"; };
		69204B4C2312815F00EFC794 /* ViewController.m */ = {isa = PBXFileReference; lastKnownFileType = sourcecode.c.objc; path = ViewController.m; sourceTree = "<group>"; };
		69204B4F2312815F00EFC794 /* Base */ = {isa = PBXFileReference; lastKnownFileType = file.storyboard; name = Base; path = Base.lproj/Main.storyboard; sourceTree = "<group>"; };
		69204B512312816000EFC794 /* Assets.xcassets */ = {isa = PBXFileReference; lastKnownFileType = folder.assetcatalog; path = Assets.xcassets; sourceTree = "<group>"; };
		69204B542312816000EFC794 /* Base */ = {isa = PBXFileReference; lastKnownFileType = file.storyboard; name = Base; path = Base.lproj/LaunchScreen.storyboard; sourceTree = "<group>"; };
		69204B562312816000EFC794 /* Info.plist */ = {isa = PBXFileReference; lastKnownFileType = text.plist.xml; path = Info.plist; sourceTree = "<group>"; };
		69204B572312816000EFC794 /* main.m */ = {isa = PBXFileReference; lastKnownFileType = sourcecode.c.objc; path = main.m; sourceTree = "<group>"; };
		69204B5E2312819100EFC794 /* VideoManager.h */ = {isa = PBXFileReference; lastKnownFileType = sourcecode.c.h; path = VideoManager.h; sourceTree = "<group>"; };
		69204B5F2312819100EFC794 /* VideoManager.m */ = {isa = PBXFileReference; lastKnownFileType = sourcecode.c.objc; path = VideoManager.m; sourceTree = "<group>"; };
		69204B84231287C300EFC794 /* GLRenderView.h */ = {isa = PBXFileReference; lastKnownFileType = sourcecode.c.h; path = GLRenderView.h; sourceTree = "<group>"; };
		69204B85231287C300EFC794 /* GLRenderView.m */ = {isa = PBXFileReference; lastKnownFileType = sourcecode.c.objc; path = GLRenderView.m; sourceTree = "<group>"; };
		69204B872312911200EFC794 /* fragment.glsl */ = {isa = PBXFileReference; fileEncoding = 4; lastKnownFileType = text; path = fragment.glsl; sourceTree = "<group>"; };
		69204B882312911200EFC794 /* vertex.glsl */ = {isa = PBXFileReference; fileEncoding = 4; lastKnownFileType = text; path = vertex.glsl; sourceTree = "<group>"; };
		693E7AF223167A9A00C301D6 /* VideoFrame.h */ = {isa = PBXFileReference; lastKnownFileType = sourcecode.c.h; path = VideoFrame.h; sourceTree = "<group>"; };
		693E7AF323167A9A00C301D6 /* VideoFrame.m */ = {isa = PBXFileReference; lastKnownFileType = sourcecode.c.objc; path = VideoFrame.m; sourceTree = "<group>"; };
		694329DE231D054A00E85941 /* GLViewController.h */ = {isa = PBXFileReference; lastKnownFileType = sourcecode.c.h; path = GLViewController.h; sourceTree = "<group>"; };
		694329DF231D054A00E85941 /* GLViewController.m */ = {isa = PBXFileReference; lastKnownFileType = sourcecode.c.objc; path = GLViewController.m; sourceTree = "<group>"; };
		694329E3231D07A500E85941 /* TriangleVertex.glsl */ = {isa = PBXFileReference; fileEncoding = 4; lastKnownFileType = text; path = TriangleVertex.glsl; sourceTree = "<group>"; };
		694329E4231D07A500E85941 /* TriangleFragment.glsl */ = {isa = PBXFileReference; fileEncoding = 4; lastKnownFileType = text; path = TriangleFragment.glsl; sourceTree = "<group>"; };
/* End PBXFileReference section */

/* Begin PBXFrameworksBuildPhase section */
		69204B422312815F00EFC794 /* Frameworks */ = {
			isa = PBXFrameworksBuildPhase;
			buildActionMask = 2147483647;
			files = (
			);
			runOnlyForDeploymentPostprocessing = 0;
		};
/* End PBXFrameworksBuildPhase section */

/* Begin PBXGroup section */
		69204B3C2312815F00EFC794 = {
			isa = PBXGroup;
			children = (
				69204B472312815F00EFC794 /* VideoChatDemo */,
				69204B462312815F00EFC794 /* Products */,
			);
			sourceTree = "<group>";
		};
		69204B462312815F00EFC794 /* Products */ = {
			isa = PBXGroup;
			children = (
				69204B452312815F00EFC794 /* VideoChatDemo.app */,
			);
			name = Products;
			sourceTree = "<group>";
		};
		69204B472312815F00EFC794 /* VideoChatDemo */ = {
			isa = PBXGroup;
			children = (
				69204B482312815F00EFC794 /* AppDelegate.h */,
				69204B492312815F00EFC794 /* AppDelegate.m */,
				69204B4B2312815F00EFC794 /* ViewController.h */,
				69204B4C2312815F00EFC794 /* ViewController.m */,
				694329E1231D064500E85941 /* DrawTrangle */,
				694329E2231D065E00E85941 /* DrawDataFromCamera */,
				69204B4E2312815F00EFC794 /* Main.storyboard */,
				69204B512312816000EFC794 /* Assets.xcassets */,
				69204B532312816000EFC794 /* LaunchScreen.storyboard */,
				69204B562312816000EFC794 /* Info.plist */,
				69204B572312816000EFC794 /* main.m */,
			);
			path = VideoChatDemo;
			sourceTree = "<group>";
		};
		694329E1231D064500E85941 /* DrawTrangle */ = {
			isa = PBXGroup;
			children = (
				694329DE231D054A00E85941 /* GLViewController.h */,
				694329DF231D054A00E85941 /* GLViewController.m */,
				694329E4231D07A500E85941 /* TriangleFragment.glsl */,
				694329E3231D07A500E85941 /* TriangleVertex.glsl */,
			);
			path = DrawTrangle;
			sourceTree = "<group>";
		};
		694329E2231D065E00E85941 /* DrawDataFromCamera */ = {
			isa = PBXGroup;
			children = (
				69204B872312911200EFC794 /* fragment.glsl */,
				69204B882312911200EFC794 /* vertex.glsl */,
				693E7AF223167A9A00C301D6 /* VideoFrame.h */,
				693E7AF323167A9A00C301D6 /* VideoFrame.m */,
				69204B5E2312819100EFC794 /* VideoManager.h */,
				69204B5F2312819100EFC794 /* VideoManager.m */,
				69204B84231287C300EFC794 /* GLRenderView.h */,
				69204B85231287C300EFC794 /* GLRenderView.m */,
			);
			path = DrawDataFromCamera;
			sourceTree = "<group>";
		};
/* End PBXGroup section */

/* Begin PBXNativeTarget section */
		69204B442312815F00EFC794 /* VideoChatDemo */ = {
			isa = PBXNativeTarget;
			buildConfigurationList = 69204B5B2312816000EFC794 /* Build configuration list for PBXNativeTarget "VideoChatDemo" */;
			buildPhases = (
				69204B412312815F00EFC794 /* Sources */,
				69204B422312815F00EFC794 /* Frameworks */,
				69204B432312815F00EFC794 /* Resources */,
			);
			buildRules = (
			);
			dependencies = (
			);
			name = VideoChatDemo;
			productName = VideoChatDemo;
			productReference = 69204B452312815F00EFC794 /* VideoChatDemo.app */;
			productType = "com.apple.product-type.application";
		};
/* End PBXNativeTarget section */

/* Begin PBXProject section */
		69204B3D2312815F00EFC794 /* Project object */ = {
			isa = PBXProject;
			attributes = {
				LastUpgradeCheck = 1030;
				ORGANIZATIONNAME = menthu;
				TargetAttributes = {
					69204B442312815F00EFC794 = {
						CreatedOnToolsVersion = 10.3;
					};
				};
			};
			buildConfigurationList = 69204B402312815F00EFC794 /* Build configuration list for PBXProject "VideoChatDemo" */;
			compatibilityVersion = "Xcode 9.3";
			developmentRegion = en;
			hasScannedForEncodings = 0;
			knownRegions = (
				en,
				Base,
			);
			mainGroup = 69204B3C2312815F00EFC794;
			productRefGroup = 69204B462312815F00EFC794 /* Products */;
			projectDirPath = "";
			projectRoot = "";
			targets = (
				69204B442312815F00EFC794 /* VideoChatDemo */,
			);
		};
/* End PBXProject section */

/* Begin PBXResourcesBuildPhase section */
		69204B432312815F00EFC794 /* Resources */ = {
			isa = PBXResourcesBuildPhase;
			buildActionMask = 2147483647;
			files = (
				69204B552312816000EFC794 /* LaunchScreen.storyboard in Resources */,
				694329E6231D07A500E85941 /* TriangleFragment.glsl in Resources */,
				694329E5231D07A500E85941 /* TriangleVertex.glsl in Resources */,
				69204B892312911200EFC794 /* fragment.glsl in Resources */,
				69204B522312816000EFC794 /* Assets.xcassets in Resources */,
				69204B502312815F00EFC794 /* Main.storyboard in Resources */,
				69204B8A2312911200EFC794 /* vertex.glsl in Resources */,
			);
			runOnlyForDeploymentPostprocessing = 0;
		};
/* End PBXResourcesBuildPhase section */

/* Begin PBXSourcesBuildPhase section */
		69204B412312815F00EFC794 /* Sources */ = {
			isa = PBXSourcesBuildPhase;
			buildActionMask = 2147483647;
			files = (
				694329E0231D054A00E85941 /* GLViewController.m in Sources */,
				69204B86231287C300EFC794 /* GLRenderView.m in Sources */,
				69204B4D2312815F00EFC794 /* ViewController.m in Sources */,
				69204B582312816000EFC794 /* main.m in Sources */,
				69204B4A2312815F00EFC794 /* AppDelegate.m in Sources */,
				69204B602312819100EFC794 /* VideoManager.m in Sources */,
				693E7AF423167A9A00C301D6 /* VideoFrame.m in Sources */,
			);
			runOnlyForDeploymentPostprocessing = 0;
		};
/* End PBXSourcesBuildPhase section */

/* Begin PBXVariantGroup section */
		69204B4E2312815F00EFC794 /* Main.storyboard */ = {
			isa = PBXVariantGroup;
			children = (
				69204B4F2312815F00EFC794 /* Base */,
			);
			name = Main.storyboard;
			sourceTree = "<group>";
		};
		69204B532312816000EFC794 /* LaunchScreen.storyboard */ = {
			isa = PBXVariantGroup;
			children = (
				69204B542312816000EFC794 /* Base */,
			);
			name = LaunchScreen.storyboard;
			sourceTree = "<group>";
		};
/* End PBXVariantGroup section */

/* Begin XCBuildConfiguration section */
		69204B592312816000EFC794 /* Debug */ = {
			isa = XCBuildConfiguration;
			buildSettings = {
				ALWAYS_SEARCH_USER_PATHS = NO;
				CLANG_ANALYZER_NONNULL = YES;
				CLANG_ANALYZER_NUMBER_OBJECT_CONVERSION = YES_AGGRESSIVE;
				CLANG_CXX_LANGUAGE_STANDARD = "gnu++14";
				CLANG_CXX_LIBRARY = "libc++";
				CLANG_ENABLE_MODULES = YES;
				CLANG_ENABLE_OBJC_ARC = YES;
				CLANG_ENABLE_OBJC_WEAK = YES;
				CLANG_WARN_BLOCK_CAPTURE_AUTORELEASING = YES;
				CLANG_WARN_BOOL_CONVERSION = YES;
				CLANG_WARN_COMMA = YES;
				CLANG_WARN_CONSTANT_CONVERSION = YES;
				CLANG_WARN_DEPRECATED_OBJC_IMPLEMENTATIONS = YES;
				CLANG_WARN_DIRECT_OBJC_ISA_USAGE = YES_ERROR;
				CLANG_WARN_DOCUMENTATION_COMMENTS = YES;
				CLANG_WARN_EMPTY_BODY = YES;
				CLANG_WARN_ENUM_CONVERSION = YES;
				CLANG_WARN_INFINITE_RECURSION = YES;
				CLANG_WARN_INT_CONVERSION = YES;
				CLANG_WARN_NON_LITERAL_NULL_CONVERSION = YES;
				CLANG_WARN_OBJC_IMPLICIT_RETAIN_SELF = YES;
				CLANG_WARN_OBJC_LITERAL_CONVERSION = YES;
				CLANG_WARN_OBJC_ROOT_CLASS = YES_ERROR;
				CLANG_WARN_RANGE_LOOP_ANALYSIS = YES;
				CLANG_WARN_STRICT_PROTOTYPES = YES;
				CLANG_WARN_SUSPICIOUS_MOVE = YES;
				CLANG_WARN_UNGUARDED_AVAILABILITY = YES_AGGRESSIVE;
				CLANG_WARN_UNREACHABLE_CODE = YES;
				CLANG_WARN__DUPLICATE_METHOD_MATCH = YES;
				CODE_SIGN_IDENTITY = "iPhone Developer";
				COPY_PHASE_STRIP = NO;
				DEBUG_INFORMATION_FORMAT = dwarf;
				ENABLE_STRICT_OBJC_MSGSEND = YES;
				ENABLE_TESTABILITY = YES;
				GCC_C_LANGUAGE_STANDARD = gnu11;
				GCC_DYNAMIC_NO_PIC = NO;
				GCC_NO_COMMON_BLOCKS = YES;
				GCC_OPTIMIZATION_LEVEL = 0;
				GCC_PREPROCESSOR_DEFINITIONS = (
					"DEBUG=1",
					"$(inherited)",
				);
				GCC_WARN_64_TO_32_BIT_CONVERSION = YES;
				GCC_WARN_ABOUT_RETURN_TYPE = YES_ERROR;
				GCC_WARN_UNDECLARED_SELECTOR = YES;
				GCC_WARN_UNINITIALIZED_AUTOS = YES_AGGRESSIVE;
				GCC_WARN_UNUSED_FUNCTION = YES;
				GCC_WARN_UNUSED_VARIABLE = YES;
				IPHONEOS_DEPLOYMENT_TARGET = 12.4;
				MTL_ENABLE_DEBUG_INFO = INCLUDE_SOURCE;
				MTL_FAST_MATH = YES;
				ONLY_ACTIVE_ARCH = YES;
				SDKROOT = iphoneos;
			};
			name = Debug;
		};
		69204B5A2312816000EFC794 /* Release */ = {
			isa = XCBuildConfiguration;
			buildSettings = {
				ALWAYS_SEARCH_USER_PATHS = NO;
				CLANG_ANALYZER_NONNULL = YES;
				CLANG_ANALYZER_NUMBER_OBJECT_CONVERSION = YES_AGGRESSIVE;
				CLANG_CXX_LANGUAGE_STANDARD = "gnu++14";
				CLANG_CXX_LIBRARY = "libc++";
				CLANG_ENABLE_MODULES = YES;
				CLANG_ENABLE_OBJC_ARC = YES;
				CLANG_ENABLE_OBJC_WEAK = YES;
				CLANG_WARN_BLOCK_CAPTURE_AUTORELEASING = YES;
				CLANG_WARN_BOOL_CONVERSION = YES;
				CLANG_WARN_COMMA = YES;
				CLANG_WARN_CONSTANT_CONVERSION = YES;
				CLANG_WARN_DEPRECATED_OBJC_IMPLEMENTATIONS = YES;
				CLANG_WARN_DIRECT_OBJC_ISA_USAGE = YES_ERROR;
				CLANG_WARN_DOCUMENTATION_COMMENTS = YES;
				CLANG_WARN_EMPTY_BODY = YES;
				CLANG_WARN_ENUM_CONVERSION = YES;
				CLANG_WARN_INFINITE_RECURSION = YES;
				CLANG_WARN_INT_CONVERSION = YES;
				CLANG_WARN_NON_LITERAL_NULL_CONVERSION = YES;
				CLANG_WARN_OBJC_IMPLICIT_RETAIN_SELF = YES;
				CLANG_WARN_OBJC_LITERAL_CONVERSION = YES;
				CLANG_WARN_OBJC_ROOT_CLASS = YES_ERROR;
				CLANG_WARN_RANGE_LOOP_ANALYSIS = YES;
				CLANG_WARN_STRICT_PROTOTYPES = YES;
				CLANG_WARN_SUSPICIOUS_MOVE = YES;
				CLANG_WARN_UNGUARDED_AVAILABILITY = YES_AGGRESSIVE;
				CLANG_WARN_UNREACHABLE_CODE = YES;
				CLANG_WARN__DUPLICATE_METHOD_MATCH = YES;
				CODE_SIGN_IDENTITY = "iPhone Developer";
				COPY_PHASE_STRIP = NO;
				DEBUG_INFORMATION_FORMAT = "dwarf-with-dsym";
				ENABLE_NS_ASSERTIONS = NO;
				ENABLE_STRICT_OBJC_MSGSEND = YES;
				GCC_C_LANGUAGE_STANDARD = gnu11;
				GCC_NO_COMMON_BLOCKS = YES;
				GCC_WARN_64_TO_32_BIT_CONVERSION = YES;
				GCC_WARN_ABOUT_RETURN_TYPE = YES_ERROR;
				GCC_WARN_UNDECLARED_SELECTOR = YES;
				GCC_WARN_UNINITIALIZED_AUTOS = YES_AGGRESSIVE;
				GCC_WARN_UNUSED_FUNCTION = YES;
				GCC_WARN_UNUSED_VARIABLE = YES;
				IPHONEOS_DEPLOYMENT_TARGET = 12.4;
				MTL_ENABLE_DEBUG_INFO = NO;
				MTL_FAST_MATH = YES;
				SDKROOT = iphoneos;
				VALIDATE_PRODUCT = YES;
			};
			name = Release;
		};
		69204B5C2312816000EFC794 /* Debug */ = {
			isa = XCBuildConfiguration;
			buildSettings = {
				ASSETCATALOG_COMPILER_APPICON_NAME = AppIcon;
				CODE_SIGN_STYLE = Automatic;
				DEVELOPMENT_TEAM = 25GP64SU6U;
				INFOPLIST_FILE = VideoChatDemo/Info.plist;
				IPHONEOS_DEPLOYMENT_TARGET = 9.0;
				LD_RUNPATH_SEARCH_PATHS = (
					"$(inherited)",
					"@executable_path/Frameworks",
				);
				PRODUCT_BUNDLE_IDENTIFIER = org.menthu.VideoChatDemo.menthu;
				PRODUCT_NAME = "$(TARGET_NAME)";
				TARGETED_DEVICE_FAMILY = "1,2";
			};
			name = Debug;
		};
		69204B5D2312816000EFC794 /* Release */ = {
			isa = XCBuildConfiguration;
			buildSettings = {
				ASSETCATALOG_COMPILER_APPICON_NAME = AppIcon;
				CODE_SIGN_STYLE = Automatic;
				DEVELOPMENT_TEAM = 25GP64SU6U;
				INFOPLIST_FILE = VideoChatDemo/Info.plist;
				IPHONEOS_DEPLOYMENT_TARGET = 9.0;
				LD_RUNPATH_SEARCH_PATHS = (
					"$(inherited)",
					"@executable_path/Frameworks",
				);
				PRODUCT_BUNDLE_IDENTIFIER = org.menthu.VideoChatDemo.menthu;
				PRODUCT_NAME = "$(TARGET_NAME)";
				TARGETED_DEVICE_FAMILY = "1,2";
			};
			name = Release;
		};
/* End XCBuildConfiguration section */

/* Begin XCConfigurationList section */
		69204B402312815F00EFC794 /* Build configuration list for PBXProject "VideoChatDemo" */ = {
			isa = XCConfigurationList;
			buildConfigurations = (
				69204B592312816000EFC794 /* Debug */,
				69204B5A2312816000EFC794 /* Release */,
			);
			defaultConfigurationIsVisible = 0;
			defaultConfigurationName = Release;
		};
		69204B5B2312816000EFC794 /* Build configuration list for PBXNativeTarget "VideoChatDemo" */ = {
			isa = XCConfigurationList;
			buildConfigurations = (
				69204B5C2312816000EFC794 /* Debug */,
				69204B5D2312816000EFC794 /* Release */,
			);
			defaultConfigurationIsVisible = 0;
			defaultConfigurationName = Release;
		};
/* End XCConfigurationList section */
	};
	rootObject = 69204B3D2312815F00EFC794 /* Project object */;
}
